
Microsoft Visual Studio Solution File, Format Version 12.00
# Visual Studio 15
VisualStudioVersion = 15.0.28010.2026
MinimumVisualStudioVersion = 10.0.40219.1
Project("{FAE04EC0-301F-11D3-BF4B-00C04F79EFBC}") = "GestPerson.UI.App", "GestPerson.UI.Application\GestPerson.UI.App.csproj", "{72C85AD8-485C-4DEA-BED4-2E716AA2D830}"
EndProject
Project("{FAE04EC0-301F-11D3-BF4B-00C04F79EFBC}") = "GestPerson.Core", "GestPerson.Core\GestPerson.Core.csproj", "{F60087A0-5203-4548-9675-55A5D3C972E2}"
EndProject
Project("{FAE04EC0-301F-11D3-BF4B-00C04F79EFBC}") = "GestPerson.Extensions", "GestPerson.Extensions\GestPerson.Extensions.csproj", "{79827841-CBB9-4EBE-B366-504683F1D9EA}"
EndProject
Global
	GlobalSection(SolutionConfigurationPlatforms) = preSolution
		Debug|Any CPU = Debug|Any CPU
		Release|Any CPU = Release|Any CPU
	EndGlobalSection
	GlobalSection(ProjectConfigurationPlatforms) = postSolution
		{72C85AD8-485C-4DEA-BED4-2E716AA2D830}.Debug|Any CPU.ActiveCfg = Debug|Any CPU
		{72C85AD8-485C-4DEA-BED4-2E716AA2D830}.Debug|Any CPU.Build.0 = Debug|Any CPU
		{72C85AD8-485C-4DEA-BED4-2E716AA2D830}.Release|Any CPU.ActiveCfg = Release|Any CPU
		{72C85AD8-485C-4DEA-BED4-2E716AA2D830}.Release|Any CPU.Build.0 = Release|Any CPU
		{F60087A0-5203-4548-9675-55A5D3C972E2}.Debug|Any CPU.ActiveCfg = Debug|Any CPU
		{F60087A0-5203-4548-9675-55A5D3C972E2}.Debug|Any CPU.Build.0 = Debug|Any CPU
		{F60087A0-5203-4548-9675-55A5D3C972E2}.Release|Any CPU.ActiveCfg = Release|Any CPU
		{F60087A0-5203-4548-9675-55A5D3C972E2}.Release|Any CPU.Build.0 = Release|Any CPU
		{79827841-CBB9-4EBE-B366-504683F1D9EA}.Debug|Any CPU.ActiveCfg = Debug|Any CPU
		{79827841-CBB9-4EBE-B366-504683F1D9EA}.Debug|Any CPU.Build.0 = Debug|Any CPU
		{79827841-CBB9-4EBE-B366-504683F1D9EA}.Release|Any CPU.ActiveCfg = Release|Any CPU
		{79827841-CBB9-4EBE-B366-504683F1D9EA}.Release|Any CPU.Build.0 = Release|Any CPU
	EndGlobalSection
	GlobalSection(SolutionProperties) = preSolution
		HideSolutionNode = FALSE
	EndGlobalSection
	GlobalSection(ExtensibilityGlobals) = postSolution
		SolutionGuid = {BF0D4FAD-38CD-43BB-B74D-4F660D15CEC6}
	EndGlobalSection
EndGlobal
